// !$*UTF8*$!
{
	archiveVersion = 1;
	classes = {
	};
	objectVersion = 56;
	objects = {

/* Begin PBXBuildFile section */
		D400F42E2ABDDF9300329AC7 /* AppDelegate.swift in Sources */ = {isa = PBXBuildFile; fileRef = D400F42D2ABDDF9300329AC7 /* AppDelegate.swift */; };
		D400F4302ABDDF9300329AC7 /* SceneDelegate.swift in Sources */ = {isa = PBXBuildFile; fileRef = D400F42F2ABDDF9300329AC7 /* SceneDelegate.swift */; };
		D400F4322ABDDF9300329AC7 /* RMTabBarController.swift in Sources */ = {isa = PBXBuildFile; fileRef = D400F4312ABDDF9300329AC7 /* RMTabBarController.swift */; };
		D400F4372ABDDF9500329AC7 /* Assets.xcassets in Resources */ = {isa = PBXBuildFile; fileRef = D400F4362ABDDF9500329AC7 /* Assets.xcassets */; };
		D400F43A2ABDDF9500329AC7 /* LaunchScreen.storyboard in Resources */ = {isa = PBXBuildFile; fileRef = D400F4382ABDDF9500329AC7 /* LaunchScreen.storyboard */; };
		D400F4452ABDDF9600329AC7 /* RickAndMortyTests.swift in Sources */ = {isa = PBXBuildFile; fileRef = D400F4442ABDDF9600329AC7 /* RickAndMortyTests.swift */; };
		D400F44F2ABDDF9600329AC7 /* RickAndMortyUITests.swift in Sources */ = {isa = PBXBuildFile; fileRef = D400F44E2ABDDF9600329AC7 /* RickAndMortyUITests.swift */; };
		D400F4512ABDDF9600329AC7 /* RickAndMortyUITestsLaunchTests.swift in Sources */ = {isa = PBXBuildFile; fileRef = D400F4502ABDDF9600329AC7 /* RickAndMortyUITestsLaunchTests.swift */; };
		D40A86212AC1D6970043C19A /* RMLocation.swift in Sources */ = {isa = PBXBuildFile; fileRef = D40A86202AC1D6970043C19A /* RMLocation.swift */; };
		D40A86232AC1D6B00043C19A /* RMCharacter.swift in Sources */ = {isa = PBXBuildFile; fileRef = D40A86222AC1D6B00043C19A /* RMCharacter.swift */; };
		D40A86252AC1D6BD0043C19A /* RMEpisode.swift in Sources */ = {isa = PBXBuildFile; fileRef = D40A86242AC1D6BD0043C19A /* RMEpisode.swift */; };
		D40A86282AC1D7B10043C19A /* RMCharacterViewController.swift in Sources */ = {isa = PBXBuildFile; fileRef = D40A86272AC1D7B10043C19A /* RMCharacterViewController.swift */; };
		D40A862A2AC1D7D30043C19A /* RMEpisodeViewController.swift in Sources */ = {isa = PBXBuildFile; fileRef = D40A86292AC1D7D30043C19A /* RMEpisodeViewController.swift */; };
		D40A862C2AC1D7E30043C19A /* RMLocationViewController.swift in Sources */ = {isa = PBXBuildFile; fileRef = D40A862B2AC1D7E30043C19A /* RMLocationViewController.swift */; };
		D40A862E2AC1D7ED0043C19A /* RMSettingsViewController.swift in Sources */ = {isa = PBXBuildFile; fileRef = D40A862D2AC1D7ED0043C19A /* RMSettingsViewController.swift */; };
/* End PBXBuildFile section */

/* Begin PBXContainerItemProxy section */
		D400F4412ABDDF9600329AC7 /* PBXContainerItemProxy */ = {
			isa = PBXContainerItemProxy;
			containerPortal = D400F4222ABDDF9200329AC7 /* Project object */;
			proxyType = 1;
			remoteGlobalIDString = D400F4292ABDDF9300329AC7;
			remoteInfo = RickAndMorty;
		};
		D400F44B2ABDDF9600329AC7 /* PBXContainerItemProxy */ = {
			isa = PBXContainerItemProxy;
			containerPortal = D400F4222ABDDF9200329AC7 /* Project object */;
			proxyType = 1;
			remoteGlobalIDString = D400F4292ABDDF9300329AC7;
			remoteInfo = RickAndMorty;
		};
/* End PBXContainerItemProxy section */

/* Begin PBXFileReference section */
		D400F42A2ABDDF9300329AC7 /* RickAndMorty.app */ = {isa = PBXFileReference; explicitFileType = wrapper.application; includeInIndex = 0; path = RickAndMorty.app; sourceTree = BUILT_PRODUCTS_DIR; };
		D400F42D2ABDDF9300329AC7 /* AppDelegate.swift */ = {isa = PBXFileReference; lastKnownFileType = sourcecode.swift; path = AppDelegate.swift; sourceTree = "<group>"; };
		D400F42F2ABDDF9300329AC7 /* SceneDelegate.swift */ = {isa = PBXFileReference; lastKnownFileType = sourcecode.swift; path = SceneDelegate.swift; sourceTree = "<group>"; };
		D400F4312ABDDF9300329AC7 /* RMTabBarController.swift */ = {isa = PBXFileReference; lastKnownFileType = sourcecode.swift; path = RMTabBarController.swift; sourceTree = "<group>"; };
		D400F4362ABDDF9500329AC7 /* Assets.xcassets */ = {isa = PBXFileReference; lastKnownFileType = folder.assetcatalog; path = Assets.xcassets; sourceTree = "<group>"; };
		D400F4392ABDDF9500329AC7 /* Base */ = {isa = PBXFileReference; lastKnownFileType = file.storyboard; name = Base; path = Base.lproj/LaunchScreen.storyboard; sourceTree = "<group>"; };
		D400F43B2ABDDF9500329AC7 /* Info.plist */ = {isa = PBXFileReference; lastKnownFileType = text.plist.xml; path = Info.plist; sourceTree = "<group>"; };
		D400F4402ABDDF9600329AC7 /* RickAndMortyTests.xctest */ = {isa = PBXFileReference; explicitFileType = wrapper.cfbundle; includeInIndex = 0; path = RickAndMortyTests.xctest; sourceTree = BUILT_PRODUCTS_DIR; };
		D400F4442ABDDF9600329AC7 /* RickAndMortyTests.swift */ = {isa = PBXFileReference; lastKnownFileType = sourcecode.swift; path = RickAndMortyTests.swift; sourceTree = "<group>"; };
		D400F44A2ABDDF9600329AC7 /* RickAndMortyUITests.xctest */ = {isa = PBXFileReference; explicitFileType = wrapper.cfbundle; includeInIndex = 0; path = RickAndMortyUITests.xctest; sourceTree = BUILT_PRODUCTS_DIR; };
		D400F44E2ABDDF9600329AC7 /* RickAndMortyUITests.swift */ = {isa = PBXFileReference; lastKnownFileType = sourcecode.swift; path = RickAndMortyUITests.swift; sourceTree = "<group>"; };
		D400F4502ABDDF9600329AC7 /* RickAndMortyUITestsLaunchTests.swift */ = {isa = PBXFileReference; lastKnownFileType = sourcecode.swift; path = RickAndMortyUITestsLaunchTests.swift; sourceTree = "<group>"; };
		D40A86202AC1D6970043C19A /* RMLocation.swift */ = {isa = PBXFileReference; lastKnownFileType = sourcecode.swift; path = RMLocation.swift; sourceTree = "<group>"; };
		D40A86222AC1D6B00043C19A /* RMCharacter.swift */ = {isa = PBXFileReference; lastKnownFileType = sourcecode.swift; path = RMCharacter.swift; sourceTree = "<group>"; };
		D40A86242AC1D6BD0043C19A /* RMEpisode.swift */ = {isa = PBXFileReference; lastKnownFileType = sourcecode.swift; path = RMEpisode.swift; sourceTree = "<group>"; };
		D40A86272AC1D7B10043C19A /* RMCharacterViewController.swift */ = {isa = PBXFileReference; lastKnownFileType = sourcecode.swift; path = RMCharacterViewController.swift; sourceTree = "<group>"; };
		D40A86292AC1D7D30043C19A /* RMEpisodeViewController.swift */ = {isa = PBXFileReference; lastKnownFileType = sourcecode.swift; path = RMEpisodeViewController.swift; sourceTree = "<group>"; };
		D40A862B2AC1D7E30043C19A /* RMLocationViewController.swift */ = {isa = PBXFileReference; lastKnownFileType = sourcecode.swift; path = RMLocationViewController.swift; sourceTree = "<group>"; };
		D40A862D2AC1D7ED0043C19A /* RMSettingsViewController.swift */ = {isa = PBXFileReference; lastKnownFileType = sourcecode.swift; path = RMSettingsViewController.swift; sourceTree = "<group>"; };
/* End PBXFileReference section */

/* Begin PBXFrameworksBuildPhase section */
		D400F4272ABDDF9300329AC7 /* Frameworks */ = {
			isa = PBXFrameworksBuildPhase;
			buildActionMask = 2147483647;
			files = (
			);
			runOnlyForDeploymentPostprocessing = 0;
		};
		D400F43D2ABDDF9600329AC7 /* Frameworks */ = {
			isa = PBXFrameworksBuildPhase;
			buildActionMask = 2147483647;
			files = (
			);
			runOnlyForDeploymentPostprocessing = 0;
		};
		D400F4472ABDDF9600329AC7 /* Frameworks */ = {
			isa = PBXFrameworksBuildPhase;
			buildActionMask = 2147483647;
			files = (
			);
			runOnlyForDeploymentPostprocessing = 0;
		};
/* End PBXFrameworksBuildPhase section */

/* Begin PBXGroup section */
		D400F4212ABDDF9200329AC7 = {
			isa = PBXGroup;
			children = (
				D400F42C2ABDDF9300329AC7 /* RickAndMorty */,
				D400F4432ABDDF9600329AC7 /* RickAndMortyTests */,
				D400F44D2ABDDF9600329AC7 /* RickAndMortyUITests */,
				D400F42B2ABDDF9300329AC7 /* Products */,
			);
			sourceTree = "<group>";
		};
		D400F42B2ABDDF9300329AC7 /* Products */ = {
			isa = PBXGroup;
			children = (
				D400F42A2ABDDF9300329AC7 /* RickAndMorty.app */,
				D400F4402ABDDF9600329AC7 /* RickAndMortyTests.xctest */,
				D400F44A2ABDDF9600329AC7 /* RickAndMortyUITests.xctest */,
			);
			name = Products;
			sourceTree = "<group>";
		};
		D400F42C2ABDDF9300329AC7 /* RickAndMorty */ = {
			isa = PBXGroup;
			children = (
				D40A861F2AC1D6110043C19A /* Resources */,
				D40A861E2AC1D60B0043C19A /* Managers */,
				D40A861D2AC1D6010043C19A /* APIClient */,
				D40A861B2AC1D5E00043C19A /* ViewModels */,
				D40A861A2AC1D5DA0043C19A /* Views */,
				D40A86192AC1D5D40043C19A /* Models */,
				D40A86182AC1D5CA0043C19A /* Controller */,
				D400F43B2ABDDF9500329AC7 /* Info.plist */,
			);
			path = RickAndMorty;
			sourceTree = "<group>";
		};
		D400F4432ABDDF9600329AC7 /* RickAndMortyTests */ = {
			isa = PBXGroup;
			children = (
				D400F4442ABDDF9600329AC7 /* RickAndMortyTests.swift */,
			);
			path = RickAndMortyTests;
			sourceTree = "<group>";
		};
		D400F44D2ABDDF9600329AC7 /* RickAndMortyUITests */ = {
			isa = PBXGroup;
			children = (
				D400F44E2ABDDF9600329AC7 /* RickAndMortyUITests.swift */,
				D400F4502ABDDF9600329AC7 /* RickAndMortyUITestsLaunchTests.swift */,
			);
			path = RickAndMortyUITests;
			sourceTree = "<group>";
		};
		D40A86182AC1D5CA0043C19A /* Controller */ = {
			isa = PBXGroup;
			children = (
				D40A86262AC1D77C0043C19A /* Core */,
			);
			path = Controller;
			sourceTree = "<group>";
		};
		D40A86192AC1D5D40043C19A /* Models */ = {
			isa = PBXGroup;
			children = (
				D40A86202AC1D6970043C19A /* RMLocation.swift */,
				D40A86222AC1D6B00043C19A /* RMCharacter.swift */,
				D40A86242AC1D6BD0043C19A /* RMEpisode.swift */,
			);
			path = Models;
			sourceTree = "<group>";
		};
		D40A861A2AC1D5DA0043C19A /* Views */ = {
			isa = PBXGroup;
			children = (
			);
			path = Views;
			sourceTree = "<group>";
		};
		D40A861B2AC1D5E00043C19A /* ViewModels */ = {
			isa = PBXGroup;
			children = (
			);
			path = ViewModels;
			sourceTree = "<group>";
		};
		D40A861D2AC1D6010043C19A /* APIClient */ = {
			isa = PBXGroup;
			children = (
			);
			path = APIClient;
			sourceTree = "<group>";
		};
		D40A861E2AC1D60B0043C19A /* Managers */ = {
			isa = PBXGroup;
			children = (
			);
			path = Managers;
			sourceTree = "<group>";
		};
		D40A861F2AC1D6110043C19A /* Resources */ = {
			isa = PBXGroup;
			children = (
				D400F42D2ABDDF9300329AC7 /* AppDelegate.swift */,
				D400F42F2ABDDF9300329AC7 /* SceneDelegate.swift */,
				D400F4362ABDDF9500329AC7 /* Assets.xcassets */,
				D400F4382ABDDF9500329AC7 /* LaunchScreen.storyboard */,
			);
			path = Resources;
			sourceTree = "<group>";
		};
		D40A86262AC1D77C0043C19A /* Core */ = {
			isa = PBXGroup;
			children = (
				D400F4312ABDDF9300329AC7 /* RMTabBarController.swift */,
				D40A86272AC1D7B10043C19A /* RMCharacterViewController.swift */,
				D40A86292AC1D7D30043C19A /* RMEpisodeViewController.swift */,
				D40A862B2AC1D7E30043C19A /* RMLocationViewController.swift */,
				D40A862D2AC1D7ED0043C19A /* RMSettingsViewController.swift */,
			);
			path = Core;
			sourceTree = "<group>";
		};
/* End PBXGroup section */

/* Begin PBXNativeTarget section */
		D400F4292ABDDF9300329AC7 /* RickAndMorty */ = {
			isa = PBXNativeTarget;
			buildConfigurationList = D400F4542ABDDF9600329AC7 /* Build configuration list for PBXNativeTarget "RickAndMorty" */;
			buildPhases = (
				D400F4262ABDDF9300329AC7 /* Sources */,
				D400F4272ABDDF9300329AC7 /* Frameworks */,
				D400F4282ABDDF9300329AC7 /* Resources */,
			);
			buildRules = (
			);
			dependencies = (
			);
			name = RickAndMorty;
			productName = RickAndMorty;
			productReference = D400F42A2ABDDF9300329AC7 /* RickAndMorty.app */;
			productType = "com.apple.product-type.application";
		};
		D400F43F2ABDDF9600329AC7 /* RickAndMortyTests */ = {
			isa = PBXNativeTarget;
			buildConfigurationList = D400F4572ABDDF9600329AC7 /* Build configuration list for PBXNativeTarget "RickAndMortyTests" */;
			buildPhases = (
				D400F43C2ABDDF9600329AC7 /* Sources */,
				D400F43D2ABDDF9600329AC7 /* Frameworks */,
				D400F43E2ABDDF9600329AC7 /* Resources */,
			);
			buildRules = (
			);
			dependencies = (
				D400F4422ABDDF9600329AC7 /* PBXTargetDependency */,
			);
			name = RickAndMortyTests;
			productName = RickAndMortyTests;
			productReference = D400F4402ABDDF9600329AC7 /* RickAndMortyTests.xctest */;
			productType = "com.apple.product-type.bundle.unit-test";
		};
		D400F4492ABDDF9600329AC7 /* RickAndMortyUITests */ = {
			isa = PBXNativeTarget;
			buildConfigurationList = D400F45A2ABDDF9600329AC7 /* Build configuration list for PBXNativeTarget "RickAndMortyUITests" */;
			buildPhases = (
				D400F4462ABDDF9600329AC7 /* Sources */,
				D400F4472ABDDF9600329AC7 /* Frameworks */,
				D400F4482ABDDF9600329AC7 /* Resources */,
			);
			buildRules = (
			);
			dependencies = (
				D400F44C2ABDDF9600329AC7 /* PBXTargetDependency */,
			);
			name = RickAndMortyUITests;
			productName = RickAndMortyUITests;
			productReference = D400F44A2ABDDF9600329AC7 /* RickAndMortyUITests.xctest */;
			productType = "com.apple.product-type.bundle.ui-testing";
		};
/* End PBXNativeTarget section */

/* Begin PBXProject section */
		D400F4222ABDDF9200329AC7 /* Project object */ = {
			isa = PBXProject;
			attributes = {
				BuildIndependentTargetsInParallel = 1;
				LastSwiftUpdateCheck = 1500;
				LastUpgradeCheck = 1500;
				TargetAttributes = {
					D400F4292ABDDF9300329AC7 = {
						CreatedOnToolsVersion = 15.0;
					};
					D400F43F2ABDDF9600329AC7 = {
						CreatedOnToolsVersion = 15.0;
						TestTargetID = D400F4292ABDDF9300329AC7;
					};
					D400F4492ABDDF9600329AC7 = {
						CreatedOnToolsVersion = 15.0;
						TestTargetID = D400F4292ABDDF9300329AC7;
					};
				};
			};
			buildConfigurationList = D400F4252ABDDF9200329AC7 /* Build configuration list for PBXProject "RickAndMorty" */;
			compatibilityVersion = "Xcode 14.0";
			developmentRegion = en;
			hasScannedForEncodings = 0;
			knownRegions = (
				en,
				Base,
			);
			mainGroup = D400F4212ABDDF9200329AC7;
			productRefGroup = D400F42B2ABDDF9300329AC7 /* Products */;
			projectDirPath = "";
			projectRoot = "";
			targets = (
				D400F4292ABDDF9300329AC7 /* RickAndMorty */,
				D400F43F2ABDDF9600329AC7 /* RickAndMortyTests */,
				D400F4492ABDDF9600329AC7 /* RickAndMortyUITests */,
			);
		};
/* End PBXProject section */

/* Begin PBXResourcesBuildPhase section */
		D400F4282ABDDF9300329AC7 /* Resources */ = {
			isa = PBXResourcesBuildPhase;
			buildActionMask = 2147483647;
			files = (
				D400F43A2ABDDF9500329AC7 /* LaunchScreen.storyboard in Resources */,
				D400F4372ABDDF9500329AC7 /* Assets.xcassets in Resources */,
			);
			runOnlyForDeploymentPostprocessing = 0;
		};
		D400F43E2ABDDF9600329AC7 /* Resources */ = {
			isa = PBXResourcesBuildPhase;
			buildActionMask = 2147483647;
			files = (
			);
			runOnlyForDeploymentPostprocessing = 0;
		};
		D400F4482ABDDF9600329AC7 /* Resources */ = {
			isa = PBXResourcesBuildPhase;
			buildActionMask = 2147483647;
			files = (
			);
			runOnlyForDeploymentPostprocessing = 0;
		};
/* End PBXResourcesBuildPhase section */

/* Begin PBXSourcesBuildPhase section */
		D400F4262ABDDF9300329AC7 /* Sources */ = {
			isa = PBXSourcesBuildPhase;
			buildActionMask = 2147483647;
			files = (
				D40A862C2AC1D7E30043C19A /* RMLocationViewController.swift in Sources */,
				D40A86252AC1D6BD0043C19A /* RMEpisode.swift in Sources */,
				D400F4322ABDDF9300329AC7 /* RMTabBarController.swift in Sources */,
				D400F42E2ABDDF9300329AC7 /* AppDelegate.swift in Sources */,
				D400F4302ABDDF9300329AC7 /* SceneDelegate.swift in Sources */,
				D40A86212AC1D6970043C19A /* RMLocation.swift in Sources */,
				D40A862E2AC1D7ED0043C19A /* RMSettingsViewController.swift in Sources */,
				D40A86232AC1D6B00043C19A /* RMCharacter.swift in Sources */,
				D40A86282AC1D7B10043C19A /* RMCharacterViewController.swift in Sources */,
				D40A862A2AC1D7D30043C19A /* RMEpisodeViewController.swift in Sources */,
			);
			runOnlyForDeploymentPostprocessing = 0;
		};
		D400F43C2ABDDF9600329AC7 /* Sources */ = {
			isa = PBXSourcesBuildPhase;
			buildActionMask = 2147483647;
			files = (
				D400F4452ABDDF9600329AC7 /* RickAndMortyTests.swift in Sources */,
			);
			runOnlyForDeploymentPostprocessing = 0;
		};
		D400F4462ABDDF9600329AC7 /* Sources */ = {
			isa = PBXSourcesBuildPhase;
			buildActionMask = 2147483647;
			files = (
				D400F44F2ABDDF9600329AC7 /* RickAndMortyUITests.swift in Sources */,
				D400F4512ABDDF9600329AC7 /* RickAndMortyUITestsLaunchTests.swift in Sources */,
			);
			runOnlyForDeploymentPostprocessing = 0;
		};
/* End PBXSourcesBuildPhase section */

/* Begin PBXTargetDependency section */
		D400F4422ABDDF9600329AC7 /* PBXTargetDependency */ = {
			isa = PBXTargetDependency;
			target = D400F4292ABDDF9300329AC7 /* RickAndMorty */;
			targetProxy = D400F4412ABDDF9600329AC7 /* PBXContainerItemProxy */;
		};
		D400F44C2ABDDF9600329AC7 /* PBXTargetDependency */ = {
			isa = PBXTargetDependency;
			target = D400F4292ABDDF9300329AC7 /* RickAndMorty */;
			targetProxy = D400F44B2ABDDF9600329AC7 /* PBXContainerItemProxy */;
		};
/* End PBXTargetDependency section */

/* Begin PBXVariantGroup section */
		D400F4382ABDDF9500329AC7 /* LaunchScreen.storyboard */ = {
			isa = PBXVariantGroup;
			children = (
				D400F4392ABDDF9500329AC7 /* Base */,
			);
			name = LaunchScreen.storyboard;
			sourceTree = "<group>";
		};
/* End PBXVariantGroup section */

/* Begin XCBuildConfiguration section */
		D400F4522ABDDF9600329AC7 /* Debug */ = {
			isa = XCBuildConfiguration;
			buildSettings = {
				ALWAYS_SEARCH_USER_PATHS = NO;
				ASSETCATALOG_COMPILER_GENERATE_SWIFT_ASSET_SYMBOL_EXTENSIONS = YES;
				CLANG_ANALYZER_NONNULL = YES;
				CLANG_ANALYZER_NUMBER_OBJECT_CONVERSION = YES_AGGRESSIVE;
				CLANG_CXX_LANGUAGE_STANDARD = "gnu++20";
				CLANG_ENABLE_MODULES = YES;
				CLANG_ENABLE_OBJC_ARC = YES;
				CLANG_ENABLE_OBJC_WEAK = YES;
				CLANG_WARN_BLOCK_CAPTURE_AUTORELEASING = YES;
				CLANG_WARN_BOOL_CONVERSION = YES;
				CLANG_WARN_COMMA = YES;
				CLANG_WARN_CONSTANT_CONVERSION = YES;
				CLANG_WARN_DEPRECATED_OBJC_IMPLEMENTATIONS = YES;
				CLANG_WARN_DIRECT_OBJC_ISA_USAGE = YES_ERROR;
				CLANG_WARN_DOCUMENTATION_COMMENTS = YES;
				CLANG_WARN_EMPTY_BODY = YES;
				CLANG_WARN_ENUM_CONVERSION = YES;
				CLANG_WARN_INFINITE_RECURSION = YES;
				CLANG_WARN_INT_CONVERSION = YES;
				CLANG_WARN_NON_LITERAL_NULL_CONVERSION = YES;
				CLANG_WARN_OBJC_IMPLICIT_RETAIN_SELF = YES;
				CLANG_WARN_OBJC_LITERAL_CONVERSION = YES;
				CLANG_WARN_OBJC_ROOT_CLASS = YES_ERROR;
				CLANG_WARN_QUOTED_INCLUDE_IN_FRAMEWORK_HEADER = YES;
				CLANG_WARN_RANGE_LOOP_ANALYSIS = YES;
				CLANG_WARN_STRICT_PROTOTYPES = YES;
				CLANG_WARN_SUSPICIOUS_MOVE = YES;
				CLANG_WARN_UNGUARDED_AVAILABILITY = YES_AGGRESSIVE;
				CLANG_WARN_UNREACHABLE_CODE = YES;
				CLANG_WARN__DUPLICATE_METHOD_MATCH = YES;
				COPY_PHASE_STRIP = NO;
				DEBUG_INFORMATION_FORMAT = dwarf;
				ENABLE_STRICT_OBJC_MSGSEND = YES;
				ENABLE_TESTABILITY = YES;
				ENABLE_USER_SCRIPT_SANDBOXING = YES;
				GCC_C_LANGUAGE_STANDARD = gnu17;
				GCC_DYNAMIC_NO_PIC = NO;
				GCC_NO_COMMON_BLOCKS = YES;
				GCC_OPTIMIZATION_LEVEL = 0;
				GCC_PREPROCESSOR_DEFINITIONS = (
					"DEBUG=1",
					"$(inherited)",
				);
				GCC_WARN_64_TO_32_BIT_CONVERSION = YES;
				GCC_WARN_ABOUT_RETURN_TYPE = YES_ERROR;
				GCC_WARN_UNDECLARED_SELECTOR = YES;
				GCC_WARN_UNINITIALIZED_AUTOS = YES_AGGRESSIVE;
				GCC_WARN_UNUSED_FUNCTION = YES;
				GCC_WARN_UNUSED_VARIABLE = YES;
				IPHONEOS_DEPLOYMENT_TARGET = 17.0;
				LOCALIZATION_PREFERS_STRING_CATALOGS = YES;
				MTL_ENABLE_DEBUG_INFO = INCLUDE_SOURCE;
				MTL_FAST_MATH = YES;
				ONLY_ACTIVE_ARCH = YES;
				SDKROOT = iphoneos;
				SWIFT_ACTIVE_COMPILATION_CONDITIONS = "DEBUG $(inherited)";
				SWIFT_OPTIMIZATION_LEVEL = "-Onone";
			};
			name = Debug;
		};
		D400F4532ABDDF9600329AC7 /* Release */ = {
			isa = XCBuildConfiguration;
			buildSettings = {
				ALWAYS_SEARCH_USER_PATHS = NO;
				ASSETCATALOG_COMPILER_GENERATE_SWIFT_ASSET_SYMBOL_EXTENSIONS = YES;
				CLANG_ANALYZER_NONNULL = YES;
				CLANG_ANALYZER_NUMBER_OBJECT_CONVERSION = YES_AGGRESSIVE;
				CLANG_CXX_LANGUAGE_STANDARD = "gnu++20";
				CLANG_ENABLE_MODULES = YES;
				CLANG_ENABLE_OBJC_ARC = YES;
				CLANG_ENABLE_OBJC_WEAK = YES;
				CLANG_WARN_BLOCK_CAPTURE_AUTORELEASING = YES;
				CLANG_WARN_BOOL_CONVERSION = YES;
				CLANG_WARN_COMMA = YES;
				CLANG_WARN_CONSTANT_CONVERSION = YES;
				CLANG_WARN_DEPRECATED_OBJC_IMPLEMENTATIONS = YES;
				CLANG_WARN_DIRECT_OBJC_ISA_USAGE = YES_ERROR;
				CLANG_WARN_DOCUMENTATION_COMMENTS = YES;
				CLANG_WARN_EMPTY_BODY = YES;
				CLANG_WARN_ENUM_CONVERSION = YES;
				CLANG_WARN_INFINITE_RECURSION = YES;
				CLANG_WARN_INT_CONVERSION = YES;
				CLANG_WARN_NON_LITERAL_NULL_CONVERSION = YES;
				CLANG_WARN_OBJC_IMPLICIT_RETAIN_SELF = YES;
				CLANG_WARN_OBJC_LITERAL_CONVERSION = YES;
				CLANG_WARN_OBJC_ROOT_CLASS = YES_ERROR;
				CLANG_WARN_QUOTED_INCLUDE_IN_FRAMEWORK_HEADER = YES;
				CLANG_WARN_RANGE_LOOP_ANALYSIS = YES;
				CLANG_WARN_STRICT_PROTOTYPES = YES;
				CLANG_WARN_SUSPICIOUS_MOVE = YES;
				CLANG_WARN_UNGUARDED_AVAILABILITY = YES_AGGRESSIVE;
				CLANG_WARN_UNREACHABLE_CODE = YES;
				CLANG_WARN__DUPLICATE_METHOD_MATCH = YES;
				COPY_PHASE_STRIP = NO;
				DEBUG_INFORMATION_FORMAT = "dwarf-with-dsym";
				ENABLE_NS_ASSERTIONS = NO;
				ENABLE_STRICT_OBJC_MSGSEND = YES;
				ENABLE_USER_SCRIPT_SANDBOXING = YES;
				GCC_C_LANGUAGE_STANDARD = gnu17;
				GCC_NO_COMMON_BLOCKS = YES;
				GCC_WARN_64_TO_32_BIT_CONVERSION = YES;
				GCC_WARN_ABOUT_RETURN_TYPE = YES_ERROR;
				GCC_WARN_UNDECLARED_SELECTOR = YES;
				GCC_WARN_UNINITIALIZED_AUTOS = YES_AGGRESSIVE;
				GCC_WARN_UNUSED_FUNCTION = YES;
				GCC_WARN_UNUSED_VARIABLE = YES;
				IPHONEOS_DEPLOYMENT_TARGET = 17.0;
				LOCALIZATION_PREFERS_STRING_CATALOGS = YES;
				MTL_ENABLE_DEBUG_INFO = NO;
				MTL_FAST_MATH = YES;
				SDKROOT = iphoneos;
				SWIFT_COMPILATION_MODE = wholemodule;
				VALIDATE_PRODUCT = YES;
			};
			name = Release;
		};
		D400F4552ABDDF9600329AC7 /* Debug */ = {
			isa = XCBuildConfiguration;
			buildSettings = {
				ASSETCATALOG_COMPILER_APPICON_NAME = AppIcon;
				ASSETCATALOG_COMPILER_GLOBAL_ACCENT_COLOR_NAME = AccentColor;
				CODE_SIGN_STYLE = Automatic;
				CURRENT_PROJECT_VERSION = 1;
				GENERATE_INFOPLIST_FILE = YES;
				INFOPLIST_FILE = RickAndMorty/Info.plist;
				INFOPLIST_KEY_UIApplicationSupportsIndirectInputEvents = YES;
				INFOPLIST_KEY_UILaunchStoryboardName = LaunchScreen;
				INFOPLIST_KEY_UISupportedInterfaceOrientations_iPad = "UIInterfaceOrientationPortrait UIInterfaceOrientationPortraitUpsideDown UIInterfaceOrientationLandscapeLeft UIInterfaceOrientationLandscapeRight";
				INFOPLIST_KEY_UISupportedInterfaceOrientations_iPhone = "UIInterfaceOrientationPortrait UIInterfaceOrientationLandscapeLeft UIInterfaceOrientationLandscapeRight";
				LD_RUNPATH_SEARCH_PATHS = (
					"$(inherited)",
					"@executable_path/Frameworks",
				);
				MARKETING_VERSION = 1.0;
				PRODUCT_BUNDLE_IDENTIFIER = ed.RickAndMorty;
				PRODUCT_NAME = "$(TARGET_NAME)";
				SWIFT_EMIT_LOC_STRINGS = YES;
				SWIFT_VERSION = 5.0;
				TARGETED_DEVICE_FAMILY = "1,2";
			};
			name = Debug;
		};
		D400F4562ABDDF9600329AC7 /* Release */ = {
			isa = XCBuildConfiguration;
			buildSettings = {
				ASSETCATALOG_COMPILER_APPICON_NAME = AppIcon;
				ASSETCATALOG_COMPILER_GLOBAL_ACCENT_COLOR_NAME = AccentColor;
				CODE_SIGN_STYLE = Automatic;
				CURRENT_PROJECT_VERSION = 1;
				GENERATE_INFOPLIST_FILE = YES;
				INFOPLIST_FILE = RickAndMorty/Info.plist;
				INFOPLIST_KEY_UIApplicationSupportsIndirectInputEvents = YES;
				INFOPLIST_KEY_UILaunchStoryboardName = LaunchScreen;
				INFOPLIST_KEY_UISupportedInterfaceOrientations_iPad = "UIInterfaceOrientationPortrait UIInterfaceOrientationPortraitUpsideDown UIInterfaceOrientationLandscapeLeft UIInterfaceOrientationLandscapeRight";
				INFOPLIST_KEY_UISupportedInterfaceOrientations_iPhone = "UIInterfaceOrientationPortrait UIInterfaceOrientationLandscapeLeft UIInterfaceOrientationLandscapeRight";
				LD_RUNPATH_SEARCH_PATHS = (
					"$(inherited)",
					"@executable_path/Frameworks",
				);
				MARKETING_VERSION = 1.0;
				PRODUCT_BUNDLE_IDENTIFIER = ed.RickAndMorty;
				PRODUCT_NAME = "$(TARGET_NAME)";
				SWIFT_EMIT_LOC_STRINGS = YES;
				SWIFT_VERSION = 5.0;
				TARGETED_DEVICE_FAMILY = "1,2";
			};
			name = Release;
		};
		D400F4582ABDDF9600329AC7 /* Debug */ = {
			isa = XCBuildConfiguration;
			buildSettings = {
				ALWAYS_EMBED_SWIFT_STANDARD_LIBRARIES = YES;
				BUNDLE_LOADER = "$(TEST_HOST)";
				CODE_SIGN_STYLE = Automatic;
				CURRENT_PROJECT_VERSION = 1;
				GENERATE_INFOPLIST_FILE = YES;
				IPHONEOS_DEPLOYMENT_TARGET = 17.0;
				MARKETING_VERSION = 1.0;
				PRODUCT_BUNDLE_IDENTIFIER = ed.RickAndMortyTests;
				PRODUCT_NAME = "$(TARGET_NAME)";
				SWIFT_EMIT_LOC_STRINGS = NO;
				SWIFT_VERSION = 5.0;
				TARGETED_DEVICE_FAMILY = "1,2";
				TEST_HOST = "$(BUILT_PRODUCTS_DIR)/RickAndMorty.app/$(BUNDLE_EXECUTABLE_FOLDER_PATH)/RickAndMorty";
			};
			name = Debug;
		};
		D400F4592ABDDF9600329AC7 /* Release */ = {
			isa = XCBuildConfiguration;
			buildSettings = {
				ALWAYS_EMBED_SWIFT_STANDARD_LIBRARIES = YES;
				BUNDLE_LOADER = "$(TEST_HOST)";
				CODE_SIGN_STYLE = Automatic;
				CURRENT_PROJECT_VERSION = 1;
				GENERATE_INFOPLIST_FILE = YES;
				IPHONEOS_DEPLOYMENT_TARGET = 17.0;
				MARKETING_VERSION = 1.0;
				PRODUCT_BUNDLE_IDENTIFIER = ed.RickAndMortyTests;
				PRODUCT_NAME = "$(TARGET_NAME)";
				SWIFT_EMIT_LOC_STRINGS = NO;
				SWIFT_VERSION = 5.0;
				TARGETED_DEVICE_FAMILY = "1,2";
				TEST_HOST = "$(BUILT_PRODUCTS_DIR)/RickAndMorty.app/$(BUNDLE_EXECUTABLE_FOLDER_PATH)/RickAndMorty";
			};
			name = Release;
		};
		D400F45B2ABDDF9600329AC7 /* Debug */ = {
			isa = XCBuildConfiguration;
			buildSettings = {
				ALWAYS_EMBED_SWIFT_STANDARD_LIBRARIES = YES;
				CODE_SIGN_STYLE = Automatic;
				CURRENT_PROJECT_VERSION = 1;
				GENERATE_INFOPLIST_FILE = YES;
				MARKETING_VERSION = 1.0;
				PRODUCT_BUNDLE_IDENTIFIER = ed.RickAndMortyUITests;
				PRODUCT_NAME = "$(TARGET_NAME)";
				SWIFT_EMIT_LOC_STRINGS = NO;
				SWIFT_VERSION = 5.0;
				TARGETED_DEVICE_FAMILY = "1,2";
				TEST_TARGET_NAME = RickAndMorty;
			};
			name = Debug;
		};
		D400F45C2ABDDF9600329AC7 /* Release */ = {
			isa = XCBuildConfiguration;
			buildSettings = {
				ALWAYS_EMBED_SWIFT_STANDARD_LIBRARIES = YES;
				CODE_SIGN_STYLE = Automatic;
				CURRENT_PROJECT_VERSION = 1;
				GENERATE_INFOPLIST_FILE = YES;
				MARKETING_VERSION = 1.0;
				PRODUCT_BUNDLE_IDENTIFIER = ed.RickAndMortyUITests;
				PRODUCT_NAME = "$(TARGET_NAME)";
				SWIFT_EMIT_LOC_STRINGS = NO;
				SWIFT_VERSION = 5.0;
				TARGETED_DEVICE_FAMILY = "1,2";
				TEST_TARGET_NAME = RickAndMorty;
			};
			name = Release;
		};
/* End XCBuildConfiguration section */

/* Begin XCConfigurationList section */
		D400F4252ABDDF9200329AC7 /* Build configuration list for PBXProject "RickAndMorty" */ = {
			isa = XCConfigurationList;
			buildConfigurations = (
				D400F4522ABDDF9600329AC7 /* Debug */,
				D400F4532ABDDF9600329AC7 /* Release */,
			);
			defaultConfigurationIsVisible = 0;
			defaultConfigurationName = Release;
		};
		D400F4542ABDDF9600329AC7 /* Build configuration list for PBXNativeTarget "RickAndMorty" */ = {
			isa = XCConfigurationList;
			buildConfigurations = (
				D400F4552ABDDF9600329AC7 /* Debug */,
				D400F4562ABDDF9600329AC7 /* Release */,
			);
			defaultConfigurationIsVisible = 0;
			defaultConfigurationName = Release;
		};
		D400F4572ABDDF9600329AC7 /* Build configuration list for PBXNativeTarget "RickAndMortyTests" */ = {
			isa = XCConfigurationList;
			buildConfigurations = (
				D400F4582ABDDF9600329AC7 /* Debug */,
				D400F4592ABDDF9600329AC7 /* Release */,
			);
			defaultConfigurationIsVisible = 0;
			defaultConfigurationName = Release;
		};
		D400F45A2ABDDF9600329AC7 /* Build configuration list for PBXNativeTarget "RickAndMortyUITests" */ = {
			isa = XCConfigurationList;
			buildConfigurations = (
				D400F45B2ABDDF9600329AC7 /* Debug */,
				D400F45C2ABDDF9600329AC7 /* Release */,
			);
			defaultConfigurationIsVisible = 0;
			defaultConfigurationName = Release;
		};
/* End XCConfigurationList section */
	};
	rootObject = D400F4222ABDDF9200329AC7 /* Project object */;
}
